
Microsoft Visual Studio Solution File, Format Version 12.00
# Visual Studio 15
VisualStudioVersion = 15.0.28307.852
MinimumVisualStudioVersion = 10.0.40219.1
Project("{9A19103F-16F7-4668-BE54-9A1E7A4F7556}") = "ProjactEventStoreProjection", "ProjactEventStoreProjection\ProjactEventStoreProjection.csproj", "{C182D408-1070-4B86-BC15-BD72965B3121}"
EndProject
Project("{9A19103F-16F7-4668-BE54-9A1E7A4F7556}") = "WriteSideTestClient", "WriteSideTestClient\WriteSideTestClient.csproj", "{51150FA6-616E-481D-84D4-7163D07043C4}"
EndProject
Project("{9A19103F-16F7-4668-BE54-9A1E7A4F7556}") = "Events", "Events\Events.csproj", "{D4E3A32F-EFCB-47BB-8FC1-785776B961A3}"
EndProject
Project("{FAE04EC0-301F-11D3-BF4B-00C04F79EFBC}") = "OnHandInventoryInMemoryProjection", "OnHandInventoryInMemoryProjection\OnHandInventoryInMemoryProjection.csproj", "{7D90F814-FEE4-4D5C-8251-5061F083CD95}"
EndProject
Global
	GlobalSection(SolutionConfigurationPlatforms) = preSolution
		Debug|Any CPU = Debug|Any CPU
		Release|Any CPU = Release|Any CPU
	EndGlobalSection
	GlobalSection(ProjectConfigurationPlatforms) = postSolution
		{C182D408-1070-4B86-BC15-BD72965B3121}.Debug|Any CPU.ActiveCfg = Debug|Any CPU
		{C182D408-1070-4B86-BC15-BD72965B3121}.Debug|Any CPU.Build.0 = Debug|Any CPU
		{C182D408-1070-4B86-BC15-BD72965B3121}.Release|Any CPU.ActiveCfg = Release|Any CPU
		{C182D408-1070-4B86-BC15-BD72965B3121}.Release|Any CPU.Build.0 = Release|Any CPU
		{51150FA6-616E-481D-84D4-7163D07043C4}.Debug|Any CPU.ActiveCfg = Debug|Any CPU
		{51150FA6-616E-481D-84D4-7163D07043C4}.Debug|Any CPU.Build.0 = Debug|Any CPU
		{51150FA6-616E-481D-84D4-7163D07043C4}.Release|Any CPU.ActiveCfg = Release|Any CPU
		{51150FA6-616E-481D-84D4-7163D07043C4}.Release|Any CPU.Build.0 = Release|Any CPU
		{D4E3A32F-EFCB-47BB-8FC1-785776B961A3}.Debug|Any CPU.ActiveCfg = Debug|Any CPU
		{D4E3A32F-EFCB-47BB-8FC1-785776B961A3}.Debug|Any CPU.Build.0 = Debug|Any CPU
		{D4E3A32F-EFCB-47BB-8FC1-785776B961A3}.Release|Any CPU.ActiveCfg = Release|Any CPU
		{D4E3A32F-EFCB-47BB-8FC1-785776B961A3}.Release|Any CPU.Build.0 = Release|Any CPU
		{7D90F814-FEE4-4D5C-8251-5061F083CD95}.Debug|Any CPU.ActiveCfg = Debug|Any CPU
		{7D90F814-FEE4-4D5C-8251-5061F083CD95}.Debug|Any CPU.Build.0 = Debug|Any CPU
		{7D90F814-FEE4-4D5C-8251-5061F083CD95}.Release|Any CPU.ActiveCfg = Release|Any CPU
		{7D90F814-FEE4-4D5C-8251-5061F083CD95}.Release|Any CPU.Build.0 = Release|Any CPU
	EndGlobalSection
	GlobalSection(SolutionProperties) = preSolution
		HideSolutionNode = FALSE
	EndGlobalSection
	GlobalSection(ExtensibilityGlobals) = postSolution
		SolutionGuid = {F4E641F4-1427-43FC-8C37-801041A8B679}
	EndGlobalSection
EndGlobal
